// !$*UTF8*$!
{
	archiveVersion = 1;
	classes = {
	};
	objectVersion = 55;
	objects = {

/* Begin PBXBuildFile section */
		1FA2421F278FC4B300F081DF /* AppDelegate.swift in Sources */ = {isa = PBXBuildFile; fileRef = 1FA2421E278FC4B300F081DF /* AppDelegate.swift */; };
		1FA24221278FC4B300F081DF /* SceneDelegate.swift in Sources */ = {isa = PBXBuildFile; fileRef = 1FA24220278FC4B300F081DF /* SceneDelegate.swift */; };
		1FA24223278FC4B300F081DF /* CountriesViewController.swift in Sources */ = {isa = PBXBuildFile; fileRef = 1FA24222278FC4B300F081DF /* CountriesViewController.swift */; };
		1FA24228278FC4B600F081DF /* Assets.xcassets in Resources */ = {isa = PBXBuildFile; fileRef = 1FA24227278FC4B600F081DF /* Assets.xcassets */; };
		1FA2422B278FC4B600F081DF /* LaunchScreen.storyboard in Resources */ = {isa = PBXBuildFile; fileRef = 1FA24229278FC4B600F081DF /* LaunchScreen.storyboard */; };
		1FA2423F278FC5A300F081DF /* CountryCell.xib in Resources */ = {isa = PBXBuildFile; fileRef = 1FA2423A278FC5A300F081DF /* CountryCell.xib */; };
		1FA24240278FC5A300F081DF /* CountryCell.swift in Sources */ = {isa = PBXBuildFile; fileRef = 1FA2423B278FC5A300F081DF /* CountryCell.swift */; };
		1FA24241278FC5A300F081DF /* Country.swift in Sources */ = {isa = PBXBuildFile; fileRef = 1FA2423D278FC5A300F081DF /* Country.swift */; };
		1FA24242278FC5A300F081DF /* CountryAPI.swift in Sources */ = {isa = PBXBuildFile; fileRef = 1FA2423E278FC5A300F081DF /* CountryAPI.swift */; };
		1FA24245278FCB7D00F081DF /* NativeExtensions.swift in Sources */ = {isa = PBXBuildFile; fileRef = 1FA24244278FCB7D00F081DF /* NativeExtensions.swift */; };
		1FA24249278FD01700F081DF /* AppImageLoader.swift in Sources */ = {isa = PBXBuildFile; fileRef = 1FA24248278FD01700F081DF /* AppImageLoader.swift */; };
		1FE18EBD278FD28B0061418A /* CountryPicker.plist in Resources */ = {isa = PBXBuildFile; fileRef = 1FA2422C278FC4B600F081DF /* CountryPicker.plist */; };
		1FE18EC0278FDCE20061418A /* CountryDetailViewController.swift in Sources */ = {isa = PBXBuildFile; fileRef = 1FE18EBF278FDCE20061418A /* CountryDetailViewController.swift */; };
		1FE18EC2278FDD040061418A /* CountryDetailViewController.xib in Resources */ = {isa = PBXBuildFile; fileRef = 1FE18EC1278FDD040061418A /* CountryDetailViewController.xib */; };
		1FE18EC3278FE4A90061418A /* Main.storyboard in Resources */ = {isa = PBXBuildFile; fileRef = 1FA24224278FC4B300F081DF /* Main.storyboard */; };
		8A9A7FD9B49BC6FB3518BCE9 /* Pods_CountryPicker.framework in Frameworks */ = {isa = PBXBuildFile; fileRef = 3EFCBCFCA9B62956EF629BF9 /* Pods_CountryPicker.framework */; };
/* End PBXBuildFile section */

/* Begin PBXFileReference section */
		1FA2421B278FC4B300F081DF /* CountryPicker.app */ = {isa = PBXFileReference; explicitFileType = wrapper.application; includeInIndex = 0; path = CountryPicker.app; sourceTree = BUILT_PRODUCTS_DIR; };
		1FA2421E278FC4B300F081DF /* AppDelegate.swift */ = {isa = PBXFileReference; lastKnownFileType = sourcecode.swift; path = AppDelegate.swift; sourceTree = "<group>"; };
		1FA24220278FC4B300F081DF /* SceneDelegate.swift */ = {isa = PBXFileReference; lastKnownFileType = sourcecode.swift; path = SceneDelegate.swift; sourceTree = "<group>"; };
		1FA24222278FC4B300F081DF /* CountriesViewController.swift */ = {isa = PBXFileReference; lastKnownFileType = sourcecode.swift; path = CountriesViewController.swift; sourceTree = "<group>"; };
		1FA24225278FC4B300F081DF /* Base */ = {isa = PBXFileReference; lastKnownFileType = file.storyboard; name = Base; path = Base.lproj/Main.storyboard; sourceTree = "<group>"; };
		1FA24227278FC4B600F081DF /* Assets.xcassets */ = {isa = PBXFileReference; lastKnownFileType = folder.assetcatalog; path = Assets.xcassets; sourceTree = "<group>"; };
		1FA2422A278FC4B600F081DF /* Base */ = {isa = PBXFileReference; lastKnownFileType = file.storyboard; name = Base; path = Base.lproj/LaunchScreen.storyboard; sourceTree = "<group>"; };
		1FA2422C278FC4B600F081DF /* CountryPicker.plist */ = {isa = PBXFileReference; lastKnownFileType = text.plist.xml; path = CountryPicker.plist; sourceTree = "<group>"; };
		1FA2423A278FC5A300F081DF /* CountryCell.xib */ = {isa = PBXFileReference; fileEncoding = 4; lastKnownFileType = file.xib; path = CountryCell.xib; sourceTree = "<group>"; };
		1FA2423B278FC5A300F081DF /* CountryCell.swift */ = {isa = PBXFileReference; fileEncoding = 4; lastKnownFileType = sourcecode.swift; path = CountryCell.swift; sourceTree = "<group>"; };
		1FA2423D278FC5A300F081DF /* Country.swift */ = {isa = PBXFileReference; fileEncoding = 4; lastKnownFileType = sourcecode.swift; path = Country.swift; sourceTree = "<group>"; };
		1FA2423E278FC5A300F081DF /* CountryAPI.swift */ = {isa = PBXFileReference; fileEncoding = 4; lastKnownFileType = sourcecode.swift; path = CountryAPI.swift; sourceTree = "<group>"; };
		1FA24244278FCB7D00F081DF /* NativeExtensions.swift */ = {isa = PBXFileReference; lastKnownFileType = sourcecode.swift; path = NativeExtensions.swift; sourceTree = "<group>"; };
		1FA24248278FD01700F081DF /* AppImageLoader.swift */ = {isa = PBXFileReference; lastKnownFileType = sourcecode.swift; path = AppImageLoader.swift; sourceTree = "<group>"; };
		1FE18EBF278FDCE20061418A /* CountryDetailViewController.swift */ = {isa = PBXFileReference; lastKnownFileType = sourcecode.swift; path = CountryDetailViewController.swift; sourceTree = "<group>"; };
		1FE18EC1278FDD040061418A /* CountryDetailViewController.xib */ = {isa = PBXFileReference; lastKnownFileType = file.xib; path = CountryDetailViewController.xib; sourceTree = "<group>"; };
		3EFCBCFCA9B62956EF629BF9 /* Pods_CountryPicker.framework */ = {isa = PBXFileReference; explicitFileType = wrapper.framework; includeInIndex = 0; path = Pods_CountryPicker.framework; sourceTree = BUILT_PRODUCTS_DIR; };
		57AED43C9281DD44363381C6 /* Pods-CountryPicker.debug.xcconfig */ = {isa = PBXFileReference; includeInIndex = 1; lastKnownFileType = text.xcconfig; name = "Pods-CountryPicker.debug.xcconfig"; path = "Target Support Files/Pods-CountryPicker/Pods-CountryPicker.debug.xcconfig"; sourceTree = "<group>"; };
		D059B406ED2425B3C3AEC928 /* Pods-CountryPicker.release.xcconfig */ = {isa = PBXFileReference; includeInIndex = 1; lastKnownFileType = text.xcconfig; name = "Pods-CountryPicker.release.xcconfig"; path = "Target Support Files/Pods-CountryPicker/Pods-CountryPicker.release.xcconfig"; sourceTree = "<group>"; };
/* End PBXFileReference section */

/* Begin PBXFrameworksBuildPhase section */
		1FA24218278FC4B300F081DF /* Frameworks */ = {
			isa = PBXFrameworksBuildPhase;
			buildActionMask = 2147483647;
			files = (
				8A9A7FD9B49BC6FB3518BCE9 /* Pods_CountryPicker.framework in Frameworks */,
			);
			runOnlyForDeploymentPostprocessing = 0;
		};
/* End PBXFrameworksBuildPhase section */

/* Begin PBXGroup section */
		1FA24212278FC4B300F081DF = {
			isa = PBXGroup;
			children = (
				1FA2421D278FC4B300F081DF /* CountryPicker */,
				1FA2421C278FC4B300F081DF /* Products */,
				C2184BB0D1AEDB1CF3DC6072 /* Pods */,
				892B00EE104B48DE94362315 /* Frameworks */,
			);
			sourceTree = "<group>";
		};
		1FA2421C278FC4B300F081DF /* Products */ = {
			isa = PBXGroup;
			children = (
				1FA2421B278FC4B300F081DF /* CountryPicker.app */,
			);
			name = Products;
			sourceTree = "<group>";
		};
		1FA2421D278FC4B300F081DF /* CountryPicker */ = {
			isa = PBXGroup;
			children = (
				1FE18EBE278FDCCB0061418A /* ViewControllers */,
				1FA24247278FD00700F081DF /* Helpers */,
				1FA24246278FCF8800F081DF /* Resources */,
				1FA24243278FCB6C00F081DF /* Extensions */,
				1FA2423C278FC5A300F081DF /* Models */,
				1FA24239278FC5A300F081DF /* Views */,
				1FA2421E278FC4B300F081DF /* AppDelegate.swift */,
				1FA24220278FC4B300F081DF /* SceneDelegate.swift */,
			);
			path = CountryPicker;
			sourceTree = "<group>";
		};
		1FA24239278FC5A300F081DF /* Views */ = {
			isa = PBXGroup;
			children = (
				1FA2423A278FC5A300F081DF /* CountryCell.xib */,
				1FA2423B278FC5A300F081DF /* CountryCell.swift */,
				1FE18EC1278FDD040061418A /* CountryDetailViewController.xib */,
			);
			path = Views;
			sourceTree = "<group>";
		};
		1FA2423C278FC5A300F081DF /* Models */ = {
			isa = PBXGroup;
			children = (
				1FA2423D278FC5A300F081DF /* Country.swift */,
				1FA2423E278FC5A300F081DF /* CountryAPI.swift */,
			);
			path = Models;
			sourceTree = "<group>";
		};
		1FA24243278FCB6C00F081DF /* Extensions */ = {
			isa = PBXGroup;
			children = (
				1FA24244278FCB7D00F081DF /* NativeExtensions.swift */,
			);
			path = Extensions;
			sourceTree = "<group>";
		};
		1FA24246278FCF8800F081DF /* Resources */ = {
			isa = PBXGroup;
			children = (
				1FA24227278FC4B600F081DF /* Assets.xcassets */,
				1FA24224278FC4B300F081DF /* Main.storyboard */,
				1FA24229278FC4B600F081DF /* LaunchScreen.storyboard */,
				1FA2422C278FC4B600F081DF /* CountryPicker.plist */,
			);
			path = Resources;
			sourceTree = "<group>";
		};
		1FA24247278FD00700F081DF /* Helpers */ = {
			isa = PBXGroup;
			children = (
				1FA24248278FD01700F081DF /* AppImageLoader.swift */,
			);
			path = Helpers;
			sourceTree = "<group>";
		};
		1FE18EBE278FDCCB0061418A /* ViewControllers */ = {
			isa = PBXGroup;
			children = (
				1FA24222278FC4B300F081DF /* CountriesViewController.swift */,
				1FE18EBF278FDCE20061418A /* CountryDetailViewController.swift */,
			);
			path = ViewControllers;
			sourceTree = "<group>";
		};
		892B00EE104B48DE94362315 /* Frameworks */ = {
			isa = PBXGroup;
			children = (
				3EFCBCFCA9B62956EF629BF9 /* Pods_CountryPicker.framework */,
			);
			name = Frameworks;
			sourceTree = "<group>";
		};
		C2184BB0D1AEDB1CF3DC6072 /* Pods */ = {
			isa = PBXGroup;
			children = (
				57AED43C9281DD44363381C6 /* Pods-CountryPicker.debug.xcconfig */,
				D059B406ED2425B3C3AEC928 /* Pods-CountryPicker.release.xcconfig */,
			);
			path = Pods;
			sourceTree = "<group>";
		};
/* End PBXGroup section */

/* Begin PBXNativeTarget section */
		1FA2421A278FC4B300F081DF /* CountryPicker */ = {
			isa = PBXNativeTarget;
			buildConfigurationList = 1FA2422F278FC4B600F081DF /* Build configuration list for PBXNativeTarget "CountryPicker" */;
			buildPhases = (
				24CE8896C3B459570B81A847 /* [CP] Check Pods Manifest.lock */,
				1FA24217278FC4B300F081DF /* Sources */,
				1FA24218278FC4B300F081DF /* Frameworks */,
				1FA24219278FC4B300F081DF /* Resources */,
				5FFE7872359851DD181FEBFB /* [CP] Embed Pods Frameworks */,
			);
			buildRules = (
			);
			dependencies = (
			);
			name = CountryPicker;
			productName = CountryPicker;
			productReference = 1FA2421B278FC4B300F081DF /* CountryPicker.app */;
			productType = "com.apple.product-type.application";
		};
/* End PBXNativeTarget section */

/* Begin PBXProject section */
		1FA24213278FC4B300F081DF /* Project object */ = {
			isa = PBXProject;
			attributes = {
				BuildIndependentTargetsInParallel = 1;
				LastSwiftUpdateCheck = 1310;
				LastUpgradeCheck = 1310;
				TargetAttributes = {
					1FA2421A278FC4B300F081DF = {
						CreatedOnToolsVersion = 13.1;
					};
				};
			};
			buildConfigurationList = 1FA24216278FC4B300F081DF /* Build configuration list for PBXProject "CountryPicker" */;
			compatibilityVersion = "Xcode 13.0";
			developmentRegion = en;
			hasScannedForEncodings = 0;
			knownRegions = (
				en,
				Base,
			);
			mainGroup = 1FA24212278FC4B300F081DF;
			productRefGroup = 1FA2421C278FC4B300F081DF /* Products */;
			projectDirPath = "";
			projectRoot = "";
			targets = (
				1FA2421A278FC4B300F081DF /* CountryPicker */,
			);
		};
/* End PBXProject section */

/* Begin PBXResourcesBuildPhase section */
		1FA24219278FC4B300F081DF /* Resources */ = {
			isa = PBXResourcesBuildPhase;
			buildActionMask = 2147483647;
			files = (
				1FA2423F278FC5A300F081DF /* CountryCell.xib in Resources */,
				1FA2422B278FC4B600F081DF /* LaunchScreen.storyboard in Resources */,
				1FE18EC2278FDD040061418A /* CountryDetailViewController.xib in Resources */,
				1FE18EC3278FE4A90061418A /* Main.storyboard in Resources */,
				1FA24228278FC4B600F081DF /* Assets.xcassets in Resources */,
				1FE18EBD278FD28B0061418A /* CountryPicker.plist in Resources */,
			);
			runOnlyForDeploymentPostprocessing = 0;
		};
/* End PBXResourcesBuildPhase section */

/* Begin PBXShellScriptBuildPhase section */
		24CE8896C3B459570B81A847 /* [CP] Check Pods Manifest.lock */ = {
			isa = PBXShellScriptBuildPhase;
			buildActionMask = 2147483647;
			files = (
			);
			inputFileListPaths = (
			);
			inputPaths = (
				"${PODS_PODFILE_DIR_PATH}/Podfile.lock",
				"${PODS_ROOT}/Manifest.lock",
			);
			name = "[CP] Check Pods Manifest.lock";
			outputFileListPaths = (
			);
			outputPaths = (
				"$(DERIVED_FILE_DIR)/Pods-CountryPicker-checkManifestLockResult.txt",
			);
			runOnlyForDeploymentPostprocessing = 0;
			shellPath = /bin/sh;
			shellScript = "diff \"${PODS_PODFILE_DIR_PATH}/Podfile.lock\" \"${PODS_ROOT}/Manifest.lock\" > /dev/null\nif [ $? != 0 ] ; then\n    # print error to STDERR\n    echo \"error: The sandbox is not in sync with the Podfile.lock. Run 'pod install' or update your CocoaPods installation.\" >&2\n    exit 1\nfi\n# This output is used by Xcode 'outputs' to avoid re-running this script phase.\necho \"SUCCESS\" > \"${SCRIPT_OUTPUT_FILE_0}\"\n";
			showEnvVarsInLog = 0;
		};
		5FFE7872359851DD181FEBFB /* [CP] Embed Pods Frameworks */ = {
			isa = PBXShellScriptBuildPhase;
			buildActionMask = 2147483647;
			files = (
			);
			inputFileListPaths = (
				"${PODS_ROOT}/Target Support Files/Pods-CountryPicker/Pods-CountryPicker-frameworks-${CONFIGURATION}-input-files.xcfilelist",
			);
			name = "[CP] Embed Pods Frameworks";
			outputFileListPaths = (
				"${PODS_ROOT}/Target Support Files/Pods-CountryPicker/Pods-CountryPicker-frameworks-${CONFIGURATION}-output-files.xcfilelist",
			);
			runOnlyForDeploymentPostprocessing = 0;
			shellPath = /bin/sh;
			shellScript = "\"${PODS_ROOT}/Target Support Files/Pods-CountryPicker/Pods-CountryPicker-frameworks.sh\"\n";
			showEnvVarsInLog = 0;
		};
/* End PBXShellScriptBuildPhase section */

/* Begin PBXSourcesBuildPhase section */
		1FA24217278FC4B300F081DF /* Sources */ = {
			isa = PBXSourcesBuildPhase;
			buildActionMask = 2147483647;
			files = (
				1FA24240278FC5A300F081DF /* CountryCell.swift in Sources */,
				1FA24223278FC4B300F081DF /* CountriesViewController.swift in Sources */,
				1FA24249278FD01700F081DF /* AppImageLoader.swift in Sources */,
				1FA2421F278FC4B300F081DF /* AppDelegate.swift in Sources */,
				1FA24242278FC5A300F081DF /* CountryAPI.swift in Sources */,
				1FA24245278FCB7D00F081DF /* NativeExtensions.swift in Sources */,
				1FE18EC0278FDCE20061418A /* CountryDetailViewController.swift in Sources */,
				1FA24241278FC5A300F081DF /* Country.swift in Sources */,
				1FA24221278FC4B300F081DF /* SceneDelegate.swift in Sources */,
			);
			runOnlyForDeploymentPostprocessing = 0;
		};
/* End PBXSourcesBuildPhase section */

/* Begin PBXVariantGroup section */
		1FA24224278FC4B300F081DF /* Main.storyboard */ = {
			isa = PBXVariantGroup;
			children = (
				1FA24225278FC4B300F081DF /* Base */,
			);
			name = Main.storyboard;
			sourceTree = "<group>";
		};
		1FA24229278FC4B600F081DF /* LaunchScreen.storyboard */ = {
			isa = PBXVariantGroup;
			children = (
				1FA2422A278FC4B600F081DF /* Base */,
			);
			name = LaunchScreen.storyboard;
			sourceTree = "<group>";
		};
/* End PBXVariantGroup section */

/* Begin XCBuildConfiguration section */
		1FA2422D278FC4B600F081DF /* Debug */ = {
			isa = XCBuildConfiguration;
			buildSettings = {
				ALWAYS_SEARCH_USER_PATHS = NO;
				CLANG_ANALYZER_NONNULL = YES;
				CLANG_ANALYZER_NUMBER_OBJECT_CONVERSION = YES_AGGRESSIVE;
				CLANG_CXX_LANGUAGE_STANDARD = "gnu++17";
				CLANG_CXX_LIBRARY = "libc++";
				CLANG_ENABLE_MODULES = YES;
				CLANG_ENABLE_OBJC_ARC = YES;
				CLANG_ENABLE_OBJC_WEAK = YES;
				CLANG_WARN_BLOCK_CAPTURE_AUTORELEASING = YES;
				CLANG_WARN_BOOL_CONVERSION = YES;
				CLANG_WARN_COMMA = YES;
				CLANG_WARN_CONSTANT_CONVERSION = YES;
				CLANG_WARN_DEPRECATED_OBJC_IMPLEMENTATIONS = YES;
				CLANG_WARN_DIRECT_OBJC_ISA_USAGE = YES_ERROR;
				CLANG_WARN_DOCUMENTATION_COMMENTS = YES;
				CLANG_WARN_EMPTY_BODY = YES;
				CLANG_WARN_ENUM_CONVERSION = YES;
				CLANG_WARN_INFINITE_RECURSION = YES;
				CLANG_WARN_INT_CONVERSION = YES;
				CLANG_WARN_NON_LITERAL_NULL_CONVERSION = YES;
				CLANG_WARN_OBJC_IMPLICIT_RETAIN_SELF = YES;
				CLANG_WARN_OBJC_LITERAL_CONVERSION = YES;
				CLANG_WARN_OBJC_ROOT_CLASS = YES_ERROR;
				CLANG_WARN_QUOTED_INCLUDE_IN_FRAMEWORK_HEADER = YES;
				CLANG_WARN_RANGE_LOOP_ANALYSIS = YES;
				CLANG_WARN_STRICT_PROTOTYPES = YES;
				CLANG_WARN_SUSPICIOUS_MOVE = YES;
				CLANG_WARN_UNGUARDED_AVAILABILITY = YES_AGGRESSIVE;
				CLANG_WARN_UNREACHABLE_CODE = YES;
				CLANG_WARN__DUPLICATE_METHOD_MATCH = YES;
				COPY_PHASE_STRIP = NO;
				DEBUG_INFORMATION_FORMAT = dwarf;
				ENABLE_STRICT_OBJC_MSGSEND = YES;
				ENABLE_TESTABILITY = YES;
				GCC_C_LANGUAGE_STANDARD = gnu11;
				GCC_DYNAMIC_NO_PIC = NO;
				GCC_NO_COMMON_BLOCKS = YES;
				GCC_OPTIMIZATION_LEVEL = 0;
				GCC_PREPROCESSOR_DEFINITIONS = (
					"DEBUG=1",
					"$(inherited)",
				);
				GCC_WARN_64_TO_32_BIT_CONVERSION = YES;
				GCC_WARN_ABOUT_RETURN_TYPE = YES_ERROR;
				GCC_WARN_UNDECLARED_SELECTOR = YES;
				GCC_WARN_UNINITIALIZED_AUTOS = YES_AGGRESSIVE;
				GCC_WARN_UNUSED_FUNCTION = YES;
				GCC_WARN_UNUSED_VARIABLE = YES;
				IPHONEOS_DEPLOYMENT_TARGET = 15.0;
				MTL_ENABLE_DEBUG_INFO = INCLUDE_SOURCE;
				MTL_FAST_MATH = YES;
				ONLY_ACTIVE_ARCH = YES;
				SDKROOT = iphoneos;
				SWIFT_ACTIVE_COMPILATION_CONDITIONS = DEBUG;
				SWIFT_OPTIMIZATION_LEVEL = "-Onone";
			};
			name = Debug;
		};
		1FA2422E278FC4B600F081DF /* Release */ = {
			isa = XCBuildConfiguration;
			buildSettings = {
				ALWAYS_SEARCH_USER_PATHS = NO;
				CLANG_ANALYZER_NONNULL = YES;
				CLANG_ANALYZER_NUMBER_OBJECT_CONVERSION = YES_AGGRESSIVE;
				CLANG_CXX_LANGUAGE_STANDARD = "gnu++17";
				CLANG_CXX_LIBRARY = "libc++";
				CLANG_ENABLE_MODULES = YES;
				CLANG_ENABLE_OBJC_ARC = YES;
				CLANG_ENABLE_OBJC_WEAK = YES;
				CLANG_WARN_BLOCK_CAPTURE_AUTORELEASING = YES;
				CLANG_WARN_BOOL_CONVERSION = YES;
				CLANG_WARN_COMMA = YES;
				CLANG_WARN_CONSTANT_CONVERSION = YES;
				CLANG_WARN_DEPRECATED_OBJC_IMPLEMENTATIONS = YES;
				CLANG_WARN_DIRECT_OBJC_ISA_USAGE = YES_ERROR;
				CLANG_WARN_DOCUMENTATION_COMMENTS = YES;
				CLANG_WARN_EMPTY_BODY = YES;
				CLANG_WARN_ENUM_CONVERSION = YES;
				CLANG_WARN_INFINITE_RECURSION = YES;
				CLANG_WARN_INT_CONVERSION = YES;
				CLANG_WARN_NON_LITERAL_NULL_CONVERSION = YES;
				CLANG_WARN_OBJC_IMPLICIT_RETAIN_SELF = YES;
				CLANG_WARN_OBJC_LITERAL_CONVERSION = YES;
				CLANG_WARN_OBJC_ROOT_CLASS = YES_ERROR;
				CLANG_WARN_QUOTED_INCLUDE_IN_FRAMEWORK_HEADER = YES;
				CLANG_WARN_RANGE_LOOP_ANALYSIS = YES;
				CLANG_WARN_STRICT_PROTOTYPES = YES;
				CLANG_WARN_SUSPICIOUS_MOVE = YES;
				CLANG_WARN_UNGUARDED_AVAILABILITY = YES_AGGRESSIVE;
				CLANG_WARN_UNREACHABLE_CODE = YES;
				CLANG_WARN__DUPLICATE_METHOD_MATCH = YES;
				COPY_PHASE_STRIP = NO;
				DEBUG_INFORMATION_FORMAT = "dwarf-with-dsym";
				ENABLE_NS_ASSERTIONS = NO;
				ENABLE_STRICT_OBJC_MSGSEND = YES;
				GCC_C_LANGUAGE_STANDARD = gnu11;
				GCC_NO_COMMON_BLOCKS = YES;
				GCC_WARN_64_TO_32_BIT_CONVERSION = YES;
				GCC_WARN_ABOUT_RETURN_TYPE = YES_ERROR;
				GCC_WARN_UNDECLARED_SELECTOR = YES;
				GCC_WARN_UNINITIALIZED_AUTOS = YES_AGGRESSIVE;
				GCC_WARN_UNUSED_FUNCTION = YES;
				GCC_WARN_UNUSED_VARIABLE = YES;
				IPHONEOS_DEPLOYMENT_TARGET = 15.0;
				MTL_ENABLE_DEBUG_INFO = NO;
				MTL_FAST_MATH = YES;
				SDKROOT = iphoneos;
				SWIFT_COMPILATION_MODE = wholemodule;
				SWIFT_OPTIMIZATION_LEVEL = "-O";
				VALIDATE_PRODUCT = YES;
			};
			name = Release;
		};
		1FA24230278FC4B600F081DF /* Debug */ = {
			isa = XCBuildConfiguration;
			baseConfigurationReference = 57AED43C9281DD44363381C6 /* Pods-CountryPicker.debug.xcconfig */;
			buildSettings = {
				ASSETCATALOG_COMPILER_APPICON_NAME = AppIcon;
				ASSETCATALOG_COMPILER_GLOBAL_ACCENT_COLOR_NAME = AccentColor;
				CODE_SIGN_STYLE = Automatic;
				CURRENT_PROJECT_VERSION = 1;
				DEVELOPMENT_TEAM = 6V98MPD55U;
				GENERATE_INFOPLIST_FILE = YES;
				INFOPLIST_FILE = CountryPicker/Resources/CountryPicker.plist;
				INFOPLIST_KEY_UIApplicationSupportsIndirectInputEvents = YES;
				INFOPLIST_KEY_UILaunchStoryboardName = LaunchScreen;
				INFOPLIST_KEY_UIMainStoryboardFile = Main;
				INFOPLIST_KEY_UISupportedInterfaceOrientations_iPad = "UIInterfaceOrientationPortrait UIInterfaceOrientationPortraitUpsideDown UIInterfaceOrientationLandscapeLeft UIInterfaceOrientationLandscapeRight";
				INFOPLIST_KEY_UISupportedInterfaceOrientations_iPhone = "UIInterfaceOrientationPortrait UIInterfaceOrientationLandscapeLeft UIInterfaceOrientationLandscapeRight";
				LD_RUNPATH_SEARCH_PATHS = (
					"$(inherited)",
					"@executable_path/Frameworks",
				);
				MARKETING_VERSION = 1.0;
				PRODUCT_BUNDLE_IDENTIFIER = com.iosprojects.CountryPicker;
				PRODUCT_NAME = "$(TARGET_NAME)";
				SWIFT_EMIT_LOC_STRINGS = YES;
				SWIFT_VERSION = 5.0;
				TARGETED_DEVICE_FAMILY = "1,2";
			};
			name = Debug;
		};
		1FA24231278FC4B600F081DF /* Release */ = {
			isa = XCBuildConfiguration;
			baseConfigurationReference = D059B406ED2425B3C3AEC928 /* Pods-CountryPicker.release.xcconfig */;
			buildSettings = {
				ASSETCATALOG_COMPILER_APPICON_NAME = AppIcon;
				ASSETCATALOG_COMPILER_GLOBAL_ACCENT_COLOR_NAME = AccentColor;
				CODE_SIGN_STYLE = Automatic;
				CURRENT_PROJECT_VERSION = 1;
				DEVELOPMENT_TEAM = 6V98MPD55U;
				GENERATE_INFOPLIST_FILE = YES;
				INFOPLIST_FILE = CountryPicker/Resources/CountryPicker.plist;
				INFOPLIST_KEY_UIApplicationSupportsIndirectInputEvents = YES;
				INFOPLIST_KEY_UILaunchStoryboardName = LaunchScreen;
				INFOPLIST_KEY_UIMainStoryboardFile = Main;
				INFOPLIST_KEY_UISupportedInterfaceOrientations_iPad = "UIInterfaceOrientationPortrait UIInterfaceOrientationPortraitUpsideDown UIInterfaceOrientationLandscapeLeft UIInterfaceOrientationLandscapeRight";
				INFOPLIST_KEY_UISupportedInterfaceOrientations_iPhone = "UIInterfaceOrientationPortrait UIInterfaceOrientationLandscapeLeft UIInterfaceOrientationLandscapeRight";
				LD_RUNPATH_SEARCH_PATHS = (
					"$(inherited)",
					"@executable_path/Frameworks",
				);
				MARKETING_VERSION = 1.0;
				PRODUCT_BUNDLE_IDENTIFIER = com.iosprojects.CountryPicker;
				PRODUCT_NAME = "$(TARGET_NAME)";
				SWIFT_EMIT_LOC_STRINGS = YES;
				SWIFT_VERSION = 5.0;
				TARGETED_DEVICE_FAMILY = "1,2";
			};
			name = Release;
		};
/* End XCBuildConfiguration section */

/* Begin XCConfigurationList section */
		1FA24216278FC4B300F081DF /* Build configuration list for PBXProject "CountryPicker" */ = {
			isa = XCConfigurationList;
			buildConfigurations = (
				1FA2422D278FC4B600F081DF /* Debug */,
				1FA2422E278FC4B600F081DF /* Release */,
			);
			defaultConfigurationIsVisible = 0;
			defaultConfigurationName = Release;
		};
		1FA2422F278FC4B600F081DF /* Build configuration list for PBXNativeTarget "CountryPicker" */ = {
			isa = XCConfigurationList;
			buildConfigurations = (
				1FA24230278FC4B600F081DF /* Debug */,
				1FA24231278FC4B600F081DF /* Release */,
			);
			defaultConfigurationIsVisible = 0;
			defaultConfigurationName = Release;
		};
/* End XCConfigurationList section */
	};
	rootObject = 1FA24213278FC4B300F081DF /* Project object */;
}
